{
  "nodes": {
    "nixpkgs": {
      "locked": {
        "lastModified": 1725369773,
        "narHash": "sha256-gT+rUDbw+TQuszQEzMUJWTW7QYtccZ5xxWmKOSrPvEw=",
        "owner": "NixOS",
        "repo": "nixpkgs",
        "rev": "8b4061fd60ccc3b3f44b73faa7c983eacf7a6f7b",
        "type": "github"
      },
      "original": {
        "id": "nixpkgs",
        "type": "indirect"
      }
    },
    "nixpkgs_2": {
      "locked": {
        "lastModified": 1718428119,
        "narHash": "sha256-WdWDpNaq6u1IPtxtYHHWpl5BmabtpmLnMAx0RdJ/vo8=",
        "owner": "NixOS",
        "repo": "nixpkgs",
        "rev": "e6cea36f83499eb4e9cd184c8a8e823296b50ad5",
        "type": "github"
      },
      "original": {
        "owner": "NixOS",
        "ref": "nixpkgs-unstable",
        "repo": "nixpkgs",
        "type": "github"
      }
    },
    "root": {
      "inputs": {
        "nixpkgs": "nixpkgs",
        "rust-overlay": "rust-overlay"
      }
    },
    "rust-overlay": {
      "inputs": {
        "nixpkgs": "nixpkgs_2"
      },
      "locked": {
        "lastModified": 1725503082,
        "narHash": "sha256-sgIkegun2+PwJEDHlvmADhSbxgjVR+8pYSMuXmB3/do=",
        "owner": "oxalica",
        "repo": "rust-overlay",
        "rev": "17d3930e54a50df2afe52a2d1d1f506edb262bbe",
        "type": "github"
      },
      "original": {
        "owner": "oxalica",
        "repo": "rust-overlay",
        "type": "github"
      }
    }
  },
  "root": "root",
  "version": 7
}
